
Microsoft Visual Studio Solution File, Format Version 12.00
# Visual Studio Version 17
VisualStudioVersion = 17.11.35222.181
MinimumVisualStudioVersion = 10.0.40219.1
Project("{9A19103F-16F7-4668-BE54-9A1E7A4F7556}") = "ServerApp", "ServerApp\ServerApp.csproj", "{A6BFA7A9-79A5-4D2E-AA7E-E42CF387FD4E}"
EndProject
Global
	GlobalSection(SolutionConfigurationPlatforms) = preSolution
		Debug|Any CPU = Debug|Any CPU
		Release|Any CPU = Release|Any CPU
	EndGlobalSection
	GlobalSection(ProjectConfigurationPlatforms) = postSolution
		{A6BFA7A9-79A5-4D2E-AA7E-E42CF387FD4E}.Debug|Any CPU.ActiveCfg = Debug|Any CPU
		{A6BFA7A9-79A5-4D2E-AA7E-E42CF387FD4E}.Debug|Any CPU.Build.0 = Debug|Any CPU
		{A6BFA7A9-79A5-4D2E-AA7E-E42CF387FD4E}.Release|Any CPU.ActiveCfg = Release|Any CPU
		{A6BFA7A9-79A5-4D2E-AA7E-E42CF387FD4E}.Release|Any CPU.Build.0 = Release|Any CPU
	EndGlobalSection
	GlobalSection(SolutionProperties) = preSolution
		HideSolutionNode = FALSE
	EndGlobalSection
	GlobalSection(ExtensibilityGlobals) = postSolution
		SolutionGuid = {E4B27DBF-6B6E-4357-A55C-5F380B954AA9}
	EndGlobalSection
EndGlobal
